
Microsoft Visual Studio Solution File, Format Version 12.00
# Visual Studio Version 17
VisualStudioVersion = 17.14.36109.1 d17.14
MinimumVisualStudioVersion = 10.0.40219.1
Project("{FAE04EC0-301F-11D3-BF4B-00C04F79EFBC}") = "tnki_line_sale_frontend", "tnki_line_sale_frontend.csproj", "{9EE9B493-AF36-40F9-AFFC-B84CB158B99E}"
EndProject
Global
	GlobalSection(SolutionConfigurationPlatforms) = preSolution
		Debug|Any CPU = Debug|Any CPU
		Release|Any CPU = Release|Any CPU
	EndGlobalSection
	GlobalSection(ProjectConfigurationPlatforms) = postSolution
		{9EE9B493-AF36-40F9-AFFC-B84CB158B99E}.Debug|Any CPU.ActiveCfg = Debug|Any CPU
		{9EE9B493-AF36-40F9-AFFC-B84CB158B99E}.Debug|Any CPU.Build.0 = Debug|Any CPU
		{9EE9B493-AF36-40F9-AFFC-B84CB158B99E}.Release|Any CPU.ActiveCfg = Release|Any CPU
		{9EE9B493-AF36-40F9-AFFC-B84CB158B99E}.Release|Any CPU.Build.0 = Release|Any CPU
	EndGlobalSection
	GlobalSection(SolutionProperties) = preSolution
		HideSolutionNode = FALSE
	EndGlobalSection
	GlobalSection(ExtensibilityGlobals) = postSolution
		SolutionGuid = {68A08570-AA2B-4622-8CF2-02AB41953FF7}
	EndGlobalSection
EndGlobal
